# This file was autogenerated by uv via the following command:
#    uv pip compile requirements-spark.txt -o requirements-spark.lock
certifi==2026.2.25
    # via requests
cffi==2.0.0
    # via cryptography
charset-normalizer==3.4.6
    # via requests
cryptography==46.0.6
    # via google-auth
google-api-core==2.30.0
    # via
    #   google-cloud-bigquery
    #   google-cloud-core
    #   google-cloud-storage
google-auth==2.49.1
    # via
    #   google-api-core
    #   google-cloud-bigquery
    #   google-cloud-core
    #   google-cloud-storage
google-cloud-bigquery==3.25.0
    # via -r requirements-spark.txt
google-cloud-core==2.5.0
    # via
    #   google-cloud-bigquery
    #   google-cloud-storage
google-cloud-storage==2.18.2
    # via -r requirements-spark.txt
google-crc32c==1.8.0
    # via
    #   google-cloud-storage
    #   google-resumable-media
google-resumable-media==2.8.0
    # via
    #   google-cloud-bigquery
    #   google-cloud-storage
googleapis-common-protos==1.73.0
    # via
    #   google-api-core
    #   grpcio-status
grpcio==1.78.0
    # via
    #   google-api-core
    #   grpcio-status
grpcio-status==1.78.0
    # via google-api-core
idna==3.11
    # via requests
numpy==1.26.4
    # via
    #   pandas
    #   pyarrow
packaging==26.0
    # via google-cloud-bigquery
pandas==2.1.4
    # via -r requirements-spark.txt
proto-plus==1.27.1
    # via google-api-core
protobuf==6.33.6
    # via
    #   google-api-core
    #   googleapis-common-protos
    #   grpcio-status
    #   proto-plus
py4j==0.10.9.7
    # via pyspark
pyarrow==17.0.0
    # via -r requirements-spark.txt
pyasn1==0.6.3
    # via pyasn1-modules
pyasn1-modules==0.4.2
    # via google-auth
pycparser==3.0
    # via cffi
pyspark==3.5.3
    # via -r requirements-spark.txt
python-dateutil==2.9.0.post0
    # via
    #   google-cloud-bigquery
    #   pandas
pytz==2026.1.post1
    # via pandas
requests==2.33.0
    # via
    #   google-api-core
    #   google-cloud-bigquery
    #   google-cloud-storage
six==1.17.0
    # via python-dateutil
typing-extensions==4.15.0
    # via grpcio
tzdata==2025.3
    # via pandas
urllib3==2.6.3
    # via requests
